
Microsoft Visual Studio Solution File, Format Version 12.00
# Visual Studio Version 16
VisualStudioVersion = 16.0.29709.97
MinimumVisualStudioVersion = 10.0.40219.1
Project("{FAE04EC0-301F-11D3-BF4B-00C04F79EFBC}") = "CollegeWepPortal", "CollegeWepPortal\CollegeWepPortal.csproj", "{6BCD5669-5EC7-45A1-99E8-D1C2C2EE9659}"
EndProject
Project("{FAE04EC0-301F-11D3-BF4B-00C04F79EFBC}") = "UnitTestProject1", "UnitTestProject1\UnitTestProject1.csproj", "{18FDC686-52C5-402F-AF28-7EE855E9E058}"
EndProject
Global
	GlobalSection(SolutionConfigurationPlatforms) = preSolution
		Debug|Any CPU = Debug|Any CPU
		Release|Any CPU = Release|Any CPU
	EndGlobalSection
	GlobalSection(ProjectConfigurationPlatforms) = postSolution
		{6BCD5669-5EC7-45A1-99E8-D1C2C2EE9659}.Debug|Any CPU.ActiveCfg = Debug|Any CPU
		{6BCD5669-5EC7-45A1-99E8-D1C2C2EE9659}.Debug|Any CPU.Build.0 = Debug|Any CPU
		{6BCD5669-5EC7-45A1-99E8-D1C2C2EE9659}.Release|Any CPU.ActiveCfg = Release|Any CPU
		{6BCD5669-5EC7-45A1-99E8-D1C2C2EE9659}.Release|Any CPU.Build.0 = Release|Any CPU
		{18FDC686-52C5-402F-AF28-7EE855E9E058}.Debug|Any CPU.ActiveCfg = Debug|Any CPU
		{18FDC686-52C5-402F-AF28-7EE855E9E058}.Debug|Any CPU.Build.0 = Debug|Any CPU
		{18FDC686-52C5-402F-AF28-7EE855E9E058}.Release|Any CPU.ActiveCfg = Release|Any CPU
		{18FDC686-52C5-402F-AF28-7EE855E9E058}.Release|Any CPU.Build.0 = Release|Any CPU
	EndGlobalSection
	GlobalSection(SolutionProperties) = preSolution
		HideSolutionNode = FALSE
	EndGlobalSection
	GlobalSection(ExtensibilityGlobals) = postSolution
		SolutionGuid = {2D46CD99-EFE0-4733-A586-B2E461D25C50}
	EndGlobalSection
EndGlobal
